
Microsoft Visual Studio Solution File, Format Version 12.00
# Visual Studio Version 17
VisualStudioVersion = 17.7.34031.279
MinimumVisualStudioVersion = 10.0.40219.1
Project("{9A19103F-16F7-4668-BE54-9A1E7A4F7556}") = "Selenium_WikiParser", "Selenium_WikiParser\Selenium_WikiParser.csproj", "{5E31CB73-15CC-453D-8600-27406B264159}"
EndProject
Project("{FAE04EC0-301F-11D3-BF4B-00C04F79EFBC}") = "WikiSearch.Logic", "WikiSearch.Logic\WikiSearch.Logic.csproj", "{F91E64C9-8CAF-477D-BD28-587169751534}"
EndProject
Project("{FAE04EC0-301F-11D3-BF4B-00C04F79EFBC}") = "WikiSearch.Core", "WikiSearch.Core\WikiSearch.Core.csproj", "{B1F96B7C-AA83-4C31-A558-65E434862ECE}"
EndProject
Project("{FAE04EC0-301F-11D3-BF4B-00C04F79EFBC}") = "WikiSearch.DAL", "WikiSearch.DAL\WikiSearch.DAL.csproj", "{8FC1ED17-9B54-43D5-AE23-E144226E4073}"
EndProject
Global
	GlobalSection(SolutionConfigurationPlatforms) = preSolution
		Debug|Any CPU = Debug|Any CPU
		Release|Any CPU = Release|Any CPU
	EndGlobalSection
	GlobalSection(ProjectConfigurationPlatforms) = postSolution
		{5E31CB73-15CC-453D-8600-27406B264159}.Debug|Any CPU.ActiveCfg = Debug|Any CPU
		{5E31CB73-15CC-453D-8600-27406B264159}.Debug|Any CPU.Build.0 = Debug|Any CPU
		{5E31CB73-15CC-453D-8600-27406B264159}.Release|Any CPU.ActiveCfg = Release|Any CPU
		{5E31CB73-15CC-453D-8600-27406B264159}.Release|Any CPU.Build.0 = Release|Any CPU
		{F91E64C9-8CAF-477D-BD28-587169751534}.Debug|Any CPU.ActiveCfg = Debug|Any CPU
		{F91E64C9-8CAF-477D-BD28-587169751534}.Debug|Any CPU.Build.0 = Debug|Any CPU
		{F91E64C9-8CAF-477D-BD28-587169751534}.Release|Any CPU.ActiveCfg = Release|Any CPU
		{F91E64C9-8CAF-477D-BD28-587169751534}.Release|Any CPU.Build.0 = Release|Any CPU
		{B1F96B7C-AA83-4C31-A558-65E434862ECE}.Debug|Any CPU.ActiveCfg = Debug|Any CPU
		{B1F96B7C-AA83-4C31-A558-65E434862ECE}.Debug|Any CPU.Build.0 = Debug|Any CPU
		{B1F96B7C-AA83-4C31-A558-65E434862ECE}.Release|Any CPU.ActiveCfg = Release|Any CPU
		{B1F96B7C-AA83-4C31-A558-65E434862ECE}.Release|Any CPU.Build.0 = Release|Any CPU
		{8FC1ED17-9B54-43D5-AE23-E144226E4073}.Debug|Any CPU.ActiveCfg = Debug|Any CPU
		{8FC1ED17-9B54-43D5-AE23-E144226E4073}.Debug|Any CPU.Build.0 = Debug|Any CPU
		{8FC1ED17-9B54-43D5-AE23-E144226E4073}.Release|Any CPU.ActiveCfg = Release|Any CPU
		{8FC1ED17-9B54-43D5-AE23-E144226E4073}.Release|Any CPU.Build.0 = Release|Any CPU
	EndGlobalSection
	GlobalSection(SolutionProperties) = preSolution
		HideSolutionNode = FALSE
	EndGlobalSection
	GlobalSection(ExtensibilityGlobals) = postSolution
		SolutionGuid = {4B6727E3-AC0F-4BC0-AFC2-41230BCAEDA8}
	EndGlobalSection
EndGlobal
